{
  "name": "minky",
  "version": "1.0.0",
  "lockfileVersion": 1,
  "requires": true,
  "dependencies": {
    "vue-multiselect": {
      "version": "3.0.0-alpha.2",
      "resolved": "https://registry.npmjs.org/vue-multiselect/-/vue-multiselect-3.0.0-alpha.2.tgz",
      "integrity": "sha512-Xp9fGJECns45v+v8jXbCIsAkCybYkEg0lNwr7Z6HDUSMyx2TEIK2giipPE+qXiShEc1Ipn+ZtttH2iq9hwXP4Q=="
    }
  }
}
